
Microsoft Visual Studio Solution File, Format Version 12.00
# Visual Studio Version 17
VisualStudioVersion = 17.4.33213.308
MinimumVisualStudioVersion = 10.0.40219.1
Project("{FAE04EC0-301F-11D3-BF4B-00C04F79EFBC}") = "blazor_todoapp", "blazor_todoapp\blazor_todoapp.csproj", "{BA397FEB-C0B8-4F2E-8A72-F7F4C1DC3CB7}"
EndProject
Global
	GlobalSection(SolutionConfigurationPlatforms) = preSolution
		Debug|Any CPU = Debug|Any CPU
		Release|Any CPU = Release|Any CPU
	EndGlobalSection
	GlobalSection(ProjectConfigurationPlatforms) = postSolution
		{BA397FEB-C0B8-4F2E-8A72-F7F4C1DC3CB7}.Debug|Any CPU.ActiveCfg = Debug|Any CPU
		{BA397FEB-C0B8-4F2E-8A72-F7F4C1DC3CB7}.Debug|Any CPU.Build.0 = Debug|Any CPU
		{BA397FEB-C0B8-4F2E-8A72-F7F4C1DC3CB7}.Release|Any CPU.ActiveCfg = Release|Any CPU
		{BA397FEB-C0B8-4F2E-8A72-F7F4C1DC3CB7}.Release|Any CPU.Build.0 = Release|Any CPU
	EndGlobalSection
	GlobalSection(SolutionProperties) = preSolution
		HideSolutionNode = FALSE
	EndGlobalSection
	GlobalSection(ExtensibilityGlobals) = postSolution
		SolutionGuid = {9531776A-A53E-4359-9518-65C05D30086D}
	EndGlobalSection
EndGlobal
